
Microsoft Visual Studio Solution File, Format Version 12.00
# Visual Studio Version 17
VisualStudioVersion = 17.4.33213.308
MinimumVisualStudioVersion = 10.0.40219.1
Project("{9A19103F-16F7-4668-BE54-9A1E7A4F7556}") = "JsSPA", "JsSPA.csproj", "{0FFC144B-72AC-43F8-B0E6-F26FC8F573A0}"
EndProject
Global
	GlobalSection(SolutionConfigurationPlatforms) = preSolution
		Debug|Any CPU = Debug|Any CPU
		Release|Any CPU = Release|Any CPU
	EndGlobalSection
	GlobalSection(ProjectConfigurationPlatforms) = postSolution
		{0FFC144B-72AC-43F8-B0E6-F26FC8F573A0}.Debug|Any CPU.ActiveCfg = Debug|Any CPU
		{0FFC144B-72AC-43F8-B0E6-F26FC8F573A0}.Debug|Any CPU.Build.0 = Debug|Any CPU
		{0FFC144B-72AC-43F8-B0E6-F26FC8F573A0}.Release|Any CPU.ActiveCfg = Release|Any CPU
		{0FFC144B-72AC-43F8-B0E6-F26FC8F573A0}.Release|Any CPU.Build.0 = Release|Any CPU
	EndGlobalSection
	GlobalSection(SolutionProperties) = preSolution
		HideSolutionNode = FALSE
	EndGlobalSection
	GlobalSection(ExtensibilityGlobals) = postSolution
		SolutionGuid = {D986BF9E-E9B1-43A9-94DD-3360EC66A6CB}
	EndGlobalSection
EndGlobal
